{
  "name": "syntrade-backend",
  "version": "1.0.0",
  "lockfileVersion": 1,
  "requires": true,
  "dependencies": {
    "@prisma/engines": {
      "version": "4.5.0",
      "resolved": "https://registry.npmjs.org/@prisma/engines/-/engines-4.5.0.tgz",
      "integrity": "sha512-4t9ir2SbQQr/wMCNU4YpHWp5hU14J2m3wHUZnGJPpmBF8YtkisxyVyQsKd1e6FyLTaGq8LOLhm6VLYHKqKNm+g==",
      "dev": true
    },
    "prisma": {
      "version": "4.5.0",
      "resolved": "https://registry.npmjs.org/prisma/-/prisma-4.5.0.tgz",
      "integrity": "sha512-9Aeg4qiKlv9Wsjz4NO8k2CzRzlvS3A4FYVJ5+28sBBZ0eEwbiVOE/Jj7v6rZC1tFW2s4GSICQOAyuOjc6WsNew==",
      "dev": true,
      "requires": {
        "@prisma/engines": "4.5.0"
      }
    },
    "ws": {
      "version": "8.10.0",
      "resolved": "https://registry.npmjs.org/ws/-/ws-8.10.0.tgz",
      "integrity": "sha512-+s49uSmZpvtAsd2h37vIPy1RBusaLawVe8of+GyEPsaJTCMpj/2v8NpeK1SHXjBlQ95lQTmQofOJnFiLoaN3yw=="
    }
  }
}
